
Microsoft Visual Studio Solution File, Format Version 12.00
# Visual Studio 15
VisualStudioVersion = 15.0.28307.1000
MinimumVisualStudioVersion = 10.0.40219.1
Project("{8BC9CEB8-8B4A-11D0-8D11-00A0C91BC942}") = "decoder", "decoder.vcxproj", "{74FC5D6C-946C-42E3-994D-56EEADBDA345}"
EndProject
Global
	GlobalSection(SolutionConfigurationPlatforms) = preSolution
		Debug|x64 = Debug|x64
		Debug|x86 = Debug|x86
		Release|x64 = Release|x64
		Release|x86 = Release|x86
	EndGlobalSection
	GlobalSection(ProjectConfigurationPlatforms) = postSolution
		{74FC5D6C-946C-42E3-994D-56EEADBDA345}.Debug|x64.ActiveCfg = Debug|x64
		{74FC5D6C-946C-42E3-994D-56EEADBDA345}.Debug|x64.Build.0 = Debug|x64
		{74FC5D6C-946C-42E3-994D-56EEADBDA345}.Debug|x86.ActiveCfg = Debug|x64
		{74FC5D6C-946C-42E3-994D-56EEADBDA345}.Debug|x86.Build.0 = Debug|x64
		{74FC5D6C-946C-42E3-994D-56EEADBDA345}.Release|x64.ActiveCfg = Release|x64
		{74FC5D6C-946C-42E3-994D-56EEADBDA345}.Release|x64.Build.0 = Release|x64
		{74FC5D6C-946C-42E3-994D-56EEADBDA345}.Release|x86.ActiveCfg = Release|Win32
		{74FC5D6C-946C-42E3-994D-56EEADBDA345}.Release|x86.Build.0 = Release|Win32
	EndGlobalSection
	GlobalSection(SolutionProperties) = preSolution
		HideSolutionNode = FALSE
	EndGlobalSection
	GlobalSection(ExtensibilityGlobals) = postSolution
		SolutionGuid = {1CA28936-E1EC-472C-8E19-F6863ECE4538}
	EndGlobalSection
EndGlobal
